
Microsoft Visual Studio Solution File, Format Version 12.00
# Visual Studio 2015
Project("{FAE04EC0-301F-11D3-BF4B-00C04F79EFBC}") = "tank(completed).Plugins", "tank(completed).Plugins.csproj", "{7100579F-562B-CFDE-1BE0-1B919A5CF51A}"
EndProject
Project("{FAE04EC0-301F-11D3-BF4B-00C04F79EFBC}") = "tank(completed)", "tank(completed).csproj", "{4E7A5E05-A58E-B81B-C6EF-F96F2694E0EC}"
EndProject
Project("{FAE04EC0-301F-11D3-BF4B-00C04F79EFBC}") = "tank(completed).Editor", "tank(completed).Editor.csproj", "{D533B587-D79F-02B5-0C9F-3DC93D2A1FCB}"
EndProject
Global
	GlobalSection(SolutionConfigurationPlatforms) = preSolution
		Debug|Any CPU = Debug|Any CPU
		Release|Any CPU = Release|Any CPU
	EndGlobalSection
	GlobalSection(ProjectConfigurationPlatforms) = postSolution
		{7100579F-562B-CFDE-1BE0-1B919A5CF51A}.Debug|Any CPU.ActiveCfg = Debug|Any CPU
		{7100579F-562B-CFDE-1BE0-1B919A5CF51A}.Debug|Any CPU.Build.0 = Debug|Any CPU
		{7100579F-562B-CFDE-1BE0-1B919A5CF51A}.Release|Any CPU.ActiveCfg = Release|Any CPU
		{7100579F-562B-CFDE-1BE0-1B919A5CF51A}.Release|Any CPU.Build.0 = Release|Any CPU
		{4E7A5E05-A58E-B81B-C6EF-F96F2694E0EC}.Debug|Any CPU.ActiveCfg = Debug|Any CPU
		{4E7A5E05-A58E-B81B-C6EF-F96F2694E0EC}.Debug|Any CPU.Build.0 = Debug|Any CPU
		{4E7A5E05-A58E-B81B-C6EF-F96F2694E0EC}.Release|Any CPU.ActiveCfg = Release|Any CPU
		{4E7A5E05-A58E-B81B-C6EF-F96F2694E0EC}.Release|Any CPU.Build.0 = Release|Any CPU
		{D533B587-D79F-02B5-0C9F-3DC93D2A1FCB}.Debug|Any CPU.ActiveCfg = Debug|Any CPU
		{D533B587-D79F-02B5-0C9F-3DC93D2A1FCB}.Debug|Any CPU.Build.0 = Debug|Any CPU
		{D533B587-D79F-02B5-0C9F-3DC93D2A1FCB}.Release|Any CPU.ActiveCfg = Release|Any CPU
		{D533B587-D79F-02B5-0C9F-3DC93D2A1FCB}.Release|Any CPU.Build.0 = Release|Any CPU
	EndGlobalSection
	GlobalSection(SolutionProperties) = preSolution
		HideSolutionNode = FALSE
	EndGlobalSection
EndGlobal
